{
  "name": "lambdanodemodules",
  "version": "1.0.0",
  "lockfileVersion": 3,
  "requires": true,
  "packages": {
    "": {
      "name": "lambdanodemodules",
      "version": "1.0.0",
      "license": "ISC",
      "dependencies": {
        "square": "^37.1.1"
      }
    },
    "node_modules/@apimatic/authentication-adapters": {
      "version": "0.5.4",
      "resolved": "https://registry.npmjs.org/@apimatic/authentication-adapters/-/authentication-adapters-0.5.4.tgz",
      "integrity": "sha512-UP4+LfvLQJjgtKaGr+hgQogM3JJGb9llEX8v9OVUp0xmiIVI8zt0m69nz/vk4GaNe4U6AvS3D4x0YiE5JtLVkg==",
      "dependencies": {
        "@apimatic/core-interfaces": "^0.2.6",
        "@apimatic/http-headers": "^0.3.2",
        "@apimatic/http-query": "^0.3.2",
        "tslib": "^2.1.0"
      },
      "engines": {
        "node": ">=14.15.0 || >=16.0.0"
      }
    },
    "node_modules/@apimatic/axios-client-adapter": {
      "version": "0.3.4",
      "resolved": "https://registry.npmjs.org/@apimatic/axios-client-adapter/-/axios-client-adapter-0.3.4.tgz",
      "integrity": "sha512-vRluB6E7AHnGRZp/ntPcvdj01RrxUj2ylzDR6ejsT/xbXf0SOw2awSDOEq1ZsglzakNvzbuGaWIBY+e2yq8e/Q==",
      "dependencies": {
        "@apimatic/convert-to-stream": "^0.1.2",
        "@apimatic/core-interfaces": "^0.2.6",
        "@apimatic/file-wrapper": "^0.3.2",
        "@apimatic/http-headers": "^0.3.2",
        "@apimatic/http-query": "^0.3.2",
        "@apimatic/json-bigint": "^1.2.0",
        "@apimatic/schema": "^0.7.12",
        "axios": "^1.6.0",
        "detect-browser": "^5.3.0",
        "detect-node": "^2.0.4",
        "form-data": "^3.0.0",
        "lodash.flatmap": "^4.5.0",
        "tiny-warning": "^1.0.3",
        "tslib": "^2.1.0"
      },
      "engines": {
        "node": ">=14.15.0 || >=16.0.0"
      }
    },
    "node_modules/@apimatic/convert-to-stream": {
      "version": "0.1.2",
      "resolved": "https://registry.npmjs.org/@apimatic/convert-to-stream/-/convert-to-stream-0.1.2.tgz",
      "integrity": "sha512-4UzlEIbecy1Qubbx8KXVerpt1w/KD4iEtHRfE28p0eMEU6RoLksnHVONp5i4uycvfNJsA0z0kiTBRtXkmNsWag==",
      "engines": {
        "node": ">=14.15.0 || >=16.0.0"
      }
    },
    "node_modules/@apimatic/core": {
      "version": "0.10.12",
      "resolved": "https://registry.npmjs.org/@apimatic/core/-/core-0.10.12.tgz",
      "integrity": "sha512-PcOkX5SykmhORfHVQsWvGE8rFgCYA7gRoTaTX5kYXDHQLXOZoo/lIoo5Hc4FLqQkgMma9/bsqvvG8ls1d/suhA==",
      "dependencies": {
        "@apimatic/convert-to-stream": "^0.0.2",
        "@apimatic/core-interfaces": "^0.2.6",
        "@apimatic/file-wrapper": "^0.3.2",
        "@apimatic/http-headers": "^0.3.2",
        "@apimatic/http-query": "^0.3.2",
        "@apimatic/json-bigint": "^1.2.0",
        "@apimatic/schema": "^0.7.12",
        "detect-browser": "^5.3.0",
        "detect-node": "^2.0.4",
        "form-data": "^3.0.0",
        "json-ptr": "^3.1.0",
        "lodash.defaultsdeep": "^4.6.1",
        "lodash.flatmap": "^4.5.0",
        "tiny-warning": "^1.0.3",
        "tslib": "^2.1.0"
      },
      "engines": {
        "node": ">=14.15.0 || >=16.0.0"
      }
    },
    "node_modules/@apimatic/core-interfaces": {
      "version": "0.2.6",
      "resolved": "https://registry.npmjs.org/@apimatic/core-interfaces/-/core-interfaces-0.2.6.tgz",
      "integrity": "sha512-XbqyftDB4GO3rVOablFt7RnF03gLdctUgLT0flDP5JI3E4r+Cn2O66nFufWfSFhI/Vr0vJbVjjDG2xzZ2bHBjQ==",
      "dependencies": {
        "@apimatic/file-wrapper": "^0.3.2",
        "tslib": "^2.1.0"
      },
      "engines": {
        "node": ">=14.15.0 || >=16.0.0"
      }
    },
    "node_modules/@apimatic/core/node_modules/@apimatic/convert-to-stream": {
      "version": "0.0.2",
      "resolved": "https://registry.npmjs.org/@apimatic/convert-to-stream/-/convert-to-stream-0.0.2.tgz",
      "integrity": "sha512-1DRg17ItExfMYsXwjt6WIjJSCgV5RGg3fHPLgYD44/YmiU+7suWj7YfPKKUqmNcnJ/AvMh4lG1+tHrfOT01zXw==",
      "engines": {
        "node": ">=10.4.0"
      }
    },
    "node_modules/@apimatic/file-wrapper": {
      "version": "0.3.2",
      "resolved": "https://registry.npmjs.org/@apimatic/file-wrapper/-/file-wrapper-0.3.2.tgz",
      "integrity": "sha512-pU2n9eEw5lIb4qWbqfgNmjrWAw8oI6I9jduE97Qpoe71+GSFZ2DWY0VBo+LXTYVm+fQBKpfcXAdheF6Ec3ilOA==",
      "dependencies": {
        "tslib": "^2.1.0"
      },
      "engines": {
        "node": ">=14.15.0 || >=16.0.0"
      }
    },
    "node_modules/@apimatic/http-headers": {
      "version": "0.3.2",
      "resolved": "https://registry.npmjs.org/@apimatic/http-headers/-/http-headers-0.3.2.tgz",
      "integrity": "sha512-n6f+hSKercj29wvlqGg0gjNGZbXbpcDKelHya0SekBH0072eCqo8ndXdQ2PVsTUjWR+yErF2ZqagwX7aPhJICQ==",
      "dependencies": {
        "tslib": "^2.1.0"
      },
      "engines": {
        "node": ">=14.15.0 || >=16.0.0"
      }
    },
    "node_modules/@apimatic/http-query": {
      "version": "0.3.2",
      "resolved": "https://registry.npmjs.org/@apimatic/http-query/-/http-query-0.3.2.tgz",
      "integrity": "sha512-rT7HaoaLGraIeZE90FWo7ebwrYzW1FoaOu8NyUQKBiSo9rA6hmHcUPakUPCWIxh53tTqEnJVTSopMudpGVLZXQ==",
      "dependencies": {
        "@apimatic/file-wrapper": "^0.3.2",
        "tslib": "^2.1.0"
      },
      "engines": {
        "node": ">=14.15.0 || >=16.0.0"
      }
    },
    "node_modules/@apimatic/json-bigint": {
      "version": "1.2.0",
      "resolved": "https://registry.npmjs.org/@apimatic/json-bigint/-/json-bigint-1.2.0.tgz",
      "integrity": "sha512-+bmVzYMdZu0Ya5L+my4FXFUih54OvQA/qlZsFOYdOoostyUuB27UDrVWQs/WVCmS0ADdo5vTU0eeTrrBkHoySw=="
    },
    "node_modules/@apimatic/schema": {
      "version": "0.7.12",
      "resolved": "https://registry.npmjs.org/@apimatic/schema/-/schema-0.7.12.tgz",
      "integrity": "sha512-JiIabKJuEKAF5QGFPwx2kG9vfTbQW7OLKxhRXbcIv8VvaH1DX/AdAfsDq3/+qCTmu6LpeNJmLWs8fwh8YRcsaQ==",
      "dependencies": {
        "tslib": "^2.1.0"
      },
      "engines": {
        "node": ">=14.15.0 || >=16.0.0"
      }
    },
    "node_modules/@types/node": {
      "version": "14.18.63",
      "resolved": "https://registry.npmjs.org/@types/node/-/node-14.18.63.tgz",
      "integrity": "sha512-fAtCfv4jJg+ExtXhvCkCqUKZ+4ok/JQk01qDKhL5BDDoS3AxKXhV5/MAVUZyQnSEd2GT92fkgZl0pz0Q0AzcIQ=="
    },
    "node_modules/asynckit": {
      "version": "0.4.0",
      "resolved": "https://registry.npmjs.org/asynckit/-/asynckit-0.4.0.tgz",
      "integrity": "sha512-Oei9OH4tRh0YqU3GxhX79dM/mwVgvbZJaSNaRk+bshkj0S5cfHcgYakreBjrHwatXKbz+IoIdYLxrKim2MjW0Q=="
    },
    "node_modules/axios": {
      "version": "1.7.3",
      "resolved": "https://registry.npmjs.org/axios/-/axios-1.7.3.tgz",
      "integrity": "sha512-Ar7ND9pU99eJ9GpoGQKhKf58GpUOgnzuaB7ueNQ5BMi0p+LZ5oaEnfF999fAArcTIBwXTCHAmGcHOZJaWPq9Nw==",
      "dependencies": {
        "follow-redirects": "^1.15.6",
        "form-data": "^4.0.0",
        "proxy-from-env": "^1.1.0"
      }
    },
    "node_modules/axios/node_modules/form-data": {
      "version": "4.0.0",
      "resolved": "https://registry.npmjs.org/form-data/-/form-data-4.0.0.tgz",
      "integrity": "sha512-ETEklSGi5t0QMZuiXoA/Q6vcnxcLQP5vdugSpuAyi6SVGi2clPPp+xgEhuMaHC+zGgn31Kd235W35f7Hykkaww==",
      "dependencies": {
        "asynckit": "^0.4.0",
        "combined-stream": "^1.0.8",
        "mime-types": "^2.1.12"
      },
      "engines": {
        "node": ">= 6"
      }
    },
    "node_modules/combined-stream": {
      "version": "1.0.8",
      "resolved": "https://registry.npmjs.org/combined-stream/-/combined-stream-1.0.8.tgz",
      "integrity": "sha512-FQN4MRfuJeHf7cBbBMJFXhKSDq+2kAArBlmRBvcvFE5BB1HZKXtSFASDhdlz9zOYwxh8lDdnvmMOe/+5cdoEdg==",
      "dependencies": {
        "delayed-stream": "~1.0.0"
      },
      "engines": {
        "node": ">= 0.8"
      }
    },
    "node_modules/delayed-stream": {
      "version": "1.0.0",
      "resolved": "https://registry.npmjs.org/delayed-stream/-/delayed-stream-1.0.0.tgz",
      "integrity": "sha512-ZySD7Nf91aLB0RxL4KGrKHBXl7Eds1DAmEdcoVawXnLD7SDhpNgtuII2aAkg7a7QS41jxPSZ17p4VdGnMHk3MQ==",
      "engines": {
        "node": ">=0.4.0"
      }
    },
    "node_modules/detect-browser": {
      "version": "5.3.0",
      "resolved": "https://registry.npmjs.org/detect-browser/-/detect-browser-5.3.0.tgz",
      "integrity": "sha512-53rsFbGdwMwlF7qvCt0ypLM5V5/Mbl0szB7GPN8y9NCcbknYOeVVXdrXEq+90IwAfrrzt6Hd+u2E2ntakICU8w=="
    },
    "node_modules/detect-node": {
      "version": "2.1.0",
      "resolved": "https://registry.npmjs.org/detect-node/-/detect-node-2.1.0.tgz",
      "integrity": "sha512-T0NIuQpnTvFDATNuHN5roPwSBG83rFsuO+MXXH9/3N1eFbn4wcPjttvjMLEPWJ0RGUYgQE7cGgS3tNxbqCGM7g=="
    },
    "node_modules/follow-redirects": {
      "version": "1.15.6",
      "resolved": "https://registry.npmjs.org/follow-redirects/-/follow-redirects-1.15.6.tgz",
      "integrity": "sha512-wWN62YITEaOpSK584EZXJafH1AGpO8RVgElfkuXbTOrPX4fIfOyEpW/CsiNd8JdYrAoOvafRTOEnvsO++qCqFA==",
      "funding": [
        {
          "type": "individual",
          "url": "https://github.com/sponsors/RubenVerborgh"
        }
      ],
      "engines": {
        "node": ">=4.0"
      },
      "peerDependenciesMeta": {
        "debug": {
          "optional": true
        }
      }
    },
    "node_modules/form-data": {
      "version": "3.0.1",
      "resolved": "https://registry.npmjs.org/form-data/-/form-data-3.0.1.tgz",
      "integrity": "sha512-RHkBKtLWUVwd7SqRIvCZMEvAMoGUp0XU+seQiZejj0COz3RI3hWP4sCv3gZWWLjJTd7rGwcsF5eKZGii0r/hbg==",
      "dependencies": {
        "asynckit": "^0.4.0",
        "combined-stream": "^1.0.8",
        "mime-types": "^2.1.12"
      },
      "engines": {
        "node": ">= 6"
      }
    },
    "node_modules/json-ptr": {
      "version": "3.1.1",
      "resolved": "https://registry.npmjs.org/json-ptr/-/json-ptr-3.1.1.tgz",
      "integrity": "sha512-SiSJQ805W1sDUCD1+/t1/1BIrveq2Fe9HJqENxZmMCILmrPI7WhS/pePpIOx85v6/H2z1Vy7AI08GV2TzfXocg=="
    },
    "node_modules/lodash.defaultsdeep": {
      "version": "4.6.1",
      "resolved": "https://registry.npmjs.org/lodash.defaultsdeep/-/lodash.defaultsdeep-4.6.1.tgz",
      "integrity": "sha512-3j8wdDzYuWO3lM3Reg03MuQR957t287Rpcxp1njpEa8oDrikb+FwGdW3n+FELh/A6qib6yPit0j/pv9G/yeAqA=="
    },
    "node_modules/lodash.flatmap": {
      "version": "4.5.0",
      "resolved": "https://registry.npmjs.org/lodash.flatmap/-/lodash.flatmap-4.5.0.tgz",
      "integrity": "sha512-/OcpcAGWlrZyoHGeHh3cAoa6nGdX6QYtmzNP84Jqol6UEQQ2gIaU3H+0eICcjcKGl0/XF8LWOujNn9lffsnaOg=="
    },
    "node_modules/mime-db": {
      "version": "1.52.0",
      "resolved": "https://registry.npmjs.org/mime-db/-/mime-db-1.52.0.tgz",
      "integrity": "sha512-sPU4uV7dYlvtWJxwwxHD0PuihVNiE7TyAbQ5SWxDCB9mUYvOgroQOwYQQOKPJ8CIbE+1ETVlOoK1UC2nU3gYvg==",
      "engines": {
        "node": ">= 0.6"
      }
    },
    "node_modules/mime-types": {
      "version": "2.1.35",
      "resolved": "https://registry.npmjs.org/mime-types/-/mime-types-2.1.35.tgz",
      "integrity": "sha512-ZDY+bPm5zTTF+YpCrAU9nK0UgICYPT0QtT1NZWFv4s++TNkcgVaT0g6+4R2uI4MjQjzysHB1zxuWL50hzaeXiw==",
      "dependencies": {
        "mime-db": "1.52.0"
      },
      "engines": {
        "node": ">= 0.6"
      }
    },
    "node_modules/proxy-from-env": {
      "version": "1.1.0",
      "resolved": "https://registry.npmjs.org/proxy-from-env/-/proxy-from-env-1.1.0.tgz",
      "integrity": "sha512-D+zkORCbA9f1tdWRK0RaCR3GPv50cMxcrz4X8k5LTSUD1Dkw47mKJEZQNunItRTkWwgtaUSo1RVFRIG9ZXiFYg=="
    },
    "node_modules/square": {
      "version": "37.1.1",
      "resolved": "https://registry.npmjs.org/square/-/square-37.1.1.tgz",
      "integrity": "sha512-YBUML5ifpuSiGlj5JrbrJ6Z5x5MQ+nOlWoXCnaEkTX5mrjjE/yBuDIGOLDzA/QLDLSltGQKPyG1AU52xB/Ak5g==",
      "dependencies": {
        "@apimatic/authentication-adapters": "^0.5.3",
        "@apimatic/axios-client-adapter": "^0.3.3",
        "@apimatic/core": "^0.10.11",
        "@apimatic/json-bigint": "^1.2.0",
        "@apimatic/schema": "^0.7.11",
        "@types/node": "^14.14.30"
      },
      "engines": {
        "node": ">=14.17.0"
      }
    },
    "node_modules/tiny-warning": {
      "version": "1.0.3",
      "resolved": "https://registry.npmjs.org/tiny-warning/-/tiny-warning-1.0.3.tgz",
      "integrity": "sha512-lBN9zLN/oAf68o3zNXYrdCt1kP8WsiGW8Oo2ka41b2IM5JL/S1CTyX1rW0mb/zSuJun0ZUrDxx4sqvYS2FWzPA=="
    },
    "node_modules/tslib": {
      "version": "2.6.3",
      "resolved": "https://registry.npmjs.org/tslib/-/tslib-2.6.3.tgz",
      "integrity": "sha512-xNvxJEOUiWPGhUuUdQgAJPKOOJfGnIyKySOc09XkKsgdUV/3E2zvwZYdejjmRgPCgcym1juLH3226yA7sEFJKQ=="
    }
  }
}
